
Microsoft Visual Studio Solution File, Format Version 12.00
# Visual Studio Version 16
VisualStudioVersion = 25.0.1705.0
MinimumVisualStudioVersion = 10.0.40219.1
Project("{FAE04EC0-301F-11D3-BF4B-00C04F79EFBC}") = "FaleMais.API", "FaleMais.API\FaleMais.API.csproj", "{5BBD811E-0219-431F-9D42-00FEFC516C43}"
EndProject
Project("{FAE04EC0-301F-11D3-BF4B-00C04F79EFBC}") = "FaleMais.Domain", "FaleMais.Domain\FaleMais.Domain.csproj", "{A7E5E918-BBA3-446E-9E0B-373706CFB4CF}"
EndProject
Project("{FAE04EC0-301F-11D3-BF4B-00C04F79EFBC}") = "FaleMais.Data", "FaleMais.Data\FaleMais.Data.csproj", "{E0B07F8A-780F-492F-A63A-75C07F9D9E56}"
EndProject
Global
	GlobalSection(SolutionConfigurationPlatforms) = preSolution
		Debug|Any CPU = Debug|Any CPU
		Release|Any CPU = Release|Any CPU
	EndGlobalSection
	GlobalSection(ProjectConfigurationPlatforms) = postSolution
		{5BBD811E-0219-431F-9D42-00FEFC516C43}.Debug|Any CPU.ActiveCfg = Debug|Any CPU
		{5BBD811E-0219-431F-9D42-00FEFC516C43}.Debug|Any CPU.Build.0 = Debug|Any CPU
		{5BBD811E-0219-431F-9D42-00FEFC516C43}.Release|Any CPU.ActiveCfg = Release|Any CPU
		{5BBD811E-0219-431F-9D42-00FEFC516C43}.Release|Any CPU.Build.0 = Release|Any CPU
		{A7E5E918-BBA3-446E-9E0B-373706CFB4CF}.Debug|Any CPU.ActiveCfg = Debug|Any CPU
		{A7E5E918-BBA3-446E-9E0B-373706CFB4CF}.Debug|Any CPU.Build.0 = Debug|Any CPU
		{A7E5E918-BBA3-446E-9E0B-373706CFB4CF}.Release|Any CPU.ActiveCfg = Release|Any CPU
		{A7E5E918-BBA3-446E-9E0B-373706CFB4CF}.Release|Any CPU.Build.0 = Release|Any CPU
		{E0B07F8A-780F-492F-A63A-75C07F9D9E56}.Debug|Any CPU.ActiveCfg = Debug|Any CPU
		{E0B07F8A-780F-492F-A63A-75C07F9D9E56}.Debug|Any CPU.Build.0 = Debug|Any CPU
		{E0B07F8A-780F-492F-A63A-75C07F9D9E56}.Release|Any CPU.ActiveCfg = Release|Any CPU
		{E0B07F8A-780F-492F-A63A-75C07F9D9E56}.Release|Any CPU.Build.0 = Release|Any CPU
	EndGlobalSection
	GlobalSection(SolutionProperties) = preSolution
		HideSolutionNode = FALSE
	EndGlobalSection
	GlobalSection(ExtensibilityGlobals) = postSolution
		SolutionGuid = {5A487341-EF5F-4264-95CD-2CDECC3544CC}
	EndGlobalSection
EndGlobal
